
Microsoft Visual Studio Solution File, Format Version 12.00
# Visual Studio Version 17
VisualStudioVersion = 17.2.32630.192
MinimumVisualStudioVersion = 10.0.40219.1
Project("{FAE04EC0-301F-11D3-BF4B-00C04F79EFBC}") = "LinkedList", "LinkedList\LinkedList.csproj", "{B499168D-1307-476C-8E4A-155745795185}"
EndProject
Global
	GlobalSection(SolutionConfigurationPlatforms) = preSolution
		Debug|Any CPU = Debug|Any CPU
		Release|Any CPU = Release|Any CPU
	EndGlobalSection
	GlobalSection(ProjectConfigurationPlatforms) = postSolution
		{B499168D-1307-476C-8E4A-155745795185}.Debug|Any CPU.ActiveCfg = Debug|Any CPU
		{B499168D-1307-476C-8E4A-155745795185}.Debug|Any CPU.Build.0 = Debug|Any CPU
		{B499168D-1307-476C-8E4A-155745795185}.Release|Any CPU.ActiveCfg = Release|Any CPU
		{B499168D-1307-476C-8E4A-155745795185}.Release|Any CPU.Build.0 = Release|Any CPU
	EndGlobalSection
	GlobalSection(SolutionProperties) = preSolution
		HideSolutionNode = FALSE
	EndGlobalSection
	GlobalSection(ExtensibilityGlobals) = postSolution
		SolutionGuid = {1C01B11E-6E77-4579-A320-F13610F69B59}
	EndGlobalSection
EndGlobal
